PODS:
  - CocoaLumberjack (3.7.0):
    - CocoaLumberjack/Core (= 3.7.0)
  - CocoaLumberjack/Core (3.7.0)
  - HexColors (4.0.0)
  - MarqueeLabel (3.1.4):
    - MarqueeLabel/ObjC (= 3.1.4)
  - MarqueeLabel/ObjC (3.1.4)
  - MBCircularProgressBar (0.3.5)
  - OpenSSL-Universal (1.1.180)
  - PPTopMostController (0.0.1)
  - RMessage (2.1.5):
    - HexColors (~> 4.0)
    - PPTopMostController
  - TORoundedTableView (0.1.3)

DEPENDENCIES:
  - CocoaLumberjack
  - MarqueeLabel (= 3.1.4)
  - MBCircularProgressBar (= 0.3.5)
  - OpenSSL-Universal (= 1.1.180)
  - RMessage (= 2.1.5)
  - TORoundedTableView (= 0.1.3)

SPEC REPOS:
  trunk:
    - CocoaLumberjack
    - HexColors
    - MarqueeLabel
    - MBCircularProgressBar
    - OpenSSL-Universal
    - PPTopMostController
    - RMessage
    - TORoundedTableView

SPEC CHECKSUMS:
  CocoaLumberjack: e8955b9d337ac307103b0a34fd141c32f27e53c5
  HexColors: 5f95843ef89aff6a72e1fd3a8ebabf205cc43379
  MarqueeLabel: bf768455fe88d427f71476ebb23f9092b660f40b
  MBCircularProgressBar: 0b795b722a5eb5b0923822f90474e2576a1a7855
  OpenSSL-Universal: 1aa4f6a6ee7256b83db99ec1ccdaa80d10f9af9b
  PPTopMostController: 4e6f1e5f8c645bdcc74cd837a20f607ff262c048
  RMessage: 31d44bd26a8f353f987d2e7194f3e9ffb203cbf2
  TORoundedTableView: cd1437ef81ab3888dea8c06d2dfe4795bcaac768

PODFILE CHECKSUM: e87ef928955cb5bb9b003ccfbdb02da501740e99

COCOAPODS: 1.10.1
